
Microsoft Visual Studio Solution File, Format Version 12.00
# Visual Studio Version 17
VisualStudioVersion = 17.14.36511.14 d17.14
MinimumVisualStudioVersion = 10.0.40219.1
Project("{FAE04EC0-301F-11D3-BF4B-00C04F79EFBC}") = "operater", "operater\operater.csproj", "{C125C95E-70C2-4D0A-B91A-3BFB756B9CCC}"
EndProject
Global
	GlobalSection(SolutionConfigurationPlatforms) = preSolution
		Debug|Any CPU = Debug|Any CPU
		Release|Any CPU = Release|Any CPU
	EndGlobalSection
	GlobalSection(ProjectConfigurationPlatforms) = postSolution
		{C125C95E-70C2-4D0A-B91A-3BFB756B9CCC}.Debug|Any CPU.ActiveCfg = Debug|Any CPU
		{C125C95E-70C2-4D0A-B91A-3BFB756B9CCC}.Debug|Any CPU.Build.0 = Debug|Any CPU
		{C125C95E-70C2-4D0A-B91A-3BFB756B9CCC}.Release|Any CPU.ActiveCfg = Release|Any CPU
		{C125C95E-70C2-4D0A-B91A-3BFB756B9CCC}.Release|Any CPU.Build.0 = Release|Any CPU
	EndGlobalSection
	GlobalSection(SolutionProperties) = preSolution
		HideSolutionNode = FALSE
	EndGlobalSection
	GlobalSection(ExtensibilityGlobals) = postSolution
		SolutionGuid = {69FFC4B3-5EBF-4969-B4ED-2CFDD22FB26F}
	EndGlobalSection
EndGlobal
