
Microsoft Visual Studio Solution File, Format Version 12.00
# Visual Studio Version 17
VisualStudioVersion = 17.14.36511.14 d17.14
MinimumVisualStudioVersion = 10.0.40219.1
Project("{FAE04EC0-301F-11D3-BF4B-00C04F79EFBC}") = "ConsoleApp40", "ConsoleApp40\ConsoleApp40.csproj", "{EC79F6BB-8CC1-40F4-BEA3-5D3C1667A315}"
EndProject
Global
	GlobalSection(SolutionConfigurationPlatforms) = preSolution
		Debug|Any CPU = Debug|Any CPU
		Release|Any CPU = Release|Any CPU
	EndGlobalSection
	GlobalSection(ProjectConfigurationPlatforms) = postSolution
		{EC79F6BB-8CC1-40F4-BEA3-5D3C1667A315}.Debug|Any CPU.ActiveCfg = Debug|Any CPU
		{EC79F6BB-8CC1-40F4-BEA3-5D3C1667A315}.Debug|Any CPU.Build.0 = Debug|Any CPU
		{EC79F6BB-8CC1-40F4-BEA3-5D3C1667A315}.Release|Any CPU.ActiveCfg = Release|Any CPU
		{EC79F6BB-8CC1-40F4-BEA3-5D3C1667A315}.Release|Any CPU.Build.0 = Release|Any CPU
	EndGlobalSection
	GlobalSection(SolutionProperties) = preSolution
		HideSolutionNode = FALSE
	EndGlobalSection
	GlobalSection(ExtensibilityGlobals) = postSolution
		SolutionGuid = {4F190333-37FD-4E0C-8B4F-9189191E0DC1}
	EndGlobalSection
EndGlobal
