
Microsoft Visual Studio Solution File, Format Version 12.00
# Visual Studio Version 17
VisualStudioVersion = 17.14.36511.14 d17.14
MinimumVisualStudioVersion = 10.0.40219.1
Project("{FAE04EC0-301F-11D3-BF4B-00C04F79EFBC}") = "ConsoleApp17", "ConsoleApp17\ConsoleApp17.csproj", "{DB053D01-6BB7-4B00-887F-6628AEA2B6A7}"
EndProject
Global
	GlobalSection(SolutionConfigurationPlatforms) = preSolution
		Debug|Any CPU = Debug|Any CPU
		Release|Any CPU = Release|Any CPU
	EndGlobalSection
	GlobalSection(ProjectConfigurationPlatforms) = postSolution
		{DB053D01-6BB7-4B00-887F-6628AEA2B6A7}.Debug|Any CPU.ActiveCfg = Debug|Any CPU
		{DB053D01-6BB7-4B00-887F-6628AEA2B6A7}.Debug|Any CPU.Build.0 = Debug|Any CPU
		{DB053D01-6BB7-4B00-887F-6628AEA2B6A7}.Release|Any CPU.ActiveCfg = Release|Any CPU
		{DB053D01-6BB7-4B00-887F-6628AEA2B6A7}.Release|Any CPU.Build.0 = Release|Any CPU
	EndGlobalSection
	GlobalSection(SolutionProperties) = preSolution
		HideSolutionNode = FALSE
	EndGlobalSection
	GlobalSection(ExtensibilityGlobals) = postSolution
		SolutionGuid = {FDD4E996-E0C5-43D3-8B0B-2C599696BA60}
	EndGlobalSection
EndGlobal
