
Microsoft Visual Studio Solution File, Format Version 12.00
# Visual Studio Version 17
VisualStudioVersion = 17.14.36511.14 d17.14
MinimumVisualStudioVersion = 10.0.40219.1
Project("{FAE04EC0-301F-11D3-BF4B-00C04F79EFBC}") = "ConsoleApp42", "ConsoleApp42\ConsoleApp42.csproj", "{7624257E-52FC-4C54-AEC4-DB8C4EAD978F}"
EndProject
Global
	GlobalSection(SolutionConfigurationPlatforms) = preSolution
		Debug|Any CPU = Debug|Any CPU
		Release|Any CPU = Release|Any CPU
	EndGlobalSection
	GlobalSection(ProjectConfigurationPlatforms) = postSolution
		{7624257E-52FC-4C54-AEC4-DB8C4EAD978F}.Debug|Any CPU.ActiveCfg = Debug|Any CPU
		{7624257E-52FC-4C54-AEC4-DB8C4EAD978F}.Debug|Any CPU.Build.0 = Debug|Any CPU
		{7624257E-52FC-4C54-AEC4-DB8C4EAD978F}.Release|Any CPU.ActiveCfg = Release|Any CPU
		{7624257E-52FC-4C54-AEC4-DB8C4EAD978F}.Release|Any CPU.Build.0 = Release|Any CPU
	EndGlobalSection
	GlobalSection(SolutionProperties) = preSolution
		HideSolutionNode = FALSE
	EndGlobalSection
	GlobalSection(ExtensibilityGlobals) = postSolution
		SolutionGuid = {6876A6EF-E590-415B-9B6D-494734E7863E}
	EndGlobalSection
EndGlobal
