
Microsoft Visual Studio Solution File, Format Version 12.00
# Visual Studio Version 17
VisualStudioVersion = 17.14.36511.14 d17.14
MinimumVisualStudioVersion = 10.0.40219.1
Project("{FAE04EC0-301F-11D3-BF4B-00C04F79EFBC}") = "ConsoleApp22", "ConsoleApp22\ConsoleApp22.csproj", "{B88B854B-5131-4E54-B3D5-4E2FA0D22FF5}"
EndProject
Global
	GlobalSection(SolutionConfigurationPlatforms) = preSolution
		Debug|Any CPU = Debug|Any CPU
		Release|Any CPU = Release|Any CPU
	EndGlobalSection
	GlobalSection(ProjectConfigurationPlatforms) = postSolution
		{B88B854B-5131-4E54-B3D5-4E2FA0D22FF5}.Debug|Any CPU.ActiveCfg = Debug|Any CPU
		{B88B854B-5131-4E54-B3D5-4E2FA0D22FF5}.Debug|Any CPU.Build.0 = Debug|Any CPU
		{B88B854B-5131-4E54-B3D5-4E2FA0D22FF5}.Release|Any CPU.ActiveCfg = Release|Any CPU
		{B88B854B-5131-4E54-B3D5-4E2FA0D22FF5}.Release|Any CPU.Build.0 = Release|Any CPU
	EndGlobalSection
	GlobalSection(SolutionProperties) = preSolution
		HideSolutionNode = FALSE
	EndGlobalSection
	GlobalSection(ExtensibilityGlobals) = postSolution
		SolutionGuid = {A4303C6A-115D-4C7F-8218-89F8A4D84F99}
	EndGlobalSection
EndGlobal
