
Microsoft Visual Studio Solution File, Format Version 12.00
# Visual Studio Version 17
VisualStudioVersion = 17.14.36511.14 d17.14
MinimumVisualStudioVersion = 10.0.40219.1
Project("{FAE04EC0-301F-11D3-BF4B-00C04F79EFBC}") = "형식이 같은 변수 여러개", "형식이 같은 변수 여러개\형식이 같은 변수 여러개.csproj", "{35140E5D-91FC-4460-BDEC-6C6A62045EBA}"
EndProject
Global
	GlobalSection(SolutionConfigurationPlatforms) = preSolution
		Debug|Any CPU = Debug|Any CPU
		Release|Any CPU = Release|Any CPU
	EndGlobalSection
	GlobalSection(ProjectConfigurationPlatforms) = postSolution
		{35140E5D-91FC-4460-BDEC-6C6A62045EBA}.Debug|Any CPU.ActiveCfg = Debug|Any CPU
		{35140E5D-91FC-4460-BDEC-6C6A62045EBA}.Debug|Any CPU.Build.0 = Debug|Any CPU
		{35140E5D-91FC-4460-BDEC-6C6A62045EBA}.Release|Any CPU.ActiveCfg = Release|Any CPU
		{35140E5D-91FC-4460-BDEC-6C6A62045EBA}.Release|Any CPU.Build.0 = Release|Any CPU
	EndGlobalSection
	GlobalSection(SolutionProperties) = preSolution
		HideSolutionNode = FALSE
	EndGlobalSection
	GlobalSection(ExtensibilityGlobals) = postSolution
		SolutionGuid = {F47F1CF7-9650-42DF-B6ED-DF2DA5F7990F}
	EndGlobalSection
EndGlobal
