
Microsoft Visual Studio Solution File, Format Version 12.00
# Visual Studio Version 17
VisualStudioVersion = 17.14.36511.14 d17.14
MinimumVisualStudioVersion = 10.0.40219.1
Project("{FAE04EC0-301F-11D3-BF4B-00C04F79EFBC}") = "ConsoleApp21", "ConsoleApp21\ConsoleApp21.csproj", "{178FFA63-98FB-490C-9F36-39B1F13CE32C}"
EndProject
Global
	GlobalSection(SolutionConfigurationPlatforms) = preSolution
		Debug|Any CPU = Debug|Any CPU
		Release|Any CPU = Release|Any CPU
	EndGlobalSection
	GlobalSection(ProjectConfigurationPlatforms) = postSolution
		{178FFA63-98FB-490C-9F36-39B1F13CE32C}.Debug|Any CPU.ActiveCfg = Debug|Any CPU
		{178FFA63-98FB-490C-9F36-39B1F13CE32C}.Debug|Any CPU.Build.0 = Debug|Any CPU
		{178FFA63-98FB-490C-9F36-39B1F13CE32C}.Release|Any CPU.ActiveCfg = Release|Any CPU
		{178FFA63-98FB-490C-9F36-39B1F13CE32C}.Release|Any CPU.Build.0 = Release|Any CPU
	EndGlobalSection
	GlobalSection(SolutionProperties) = preSolution
		HideSolutionNode = FALSE
	EndGlobalSection
	GlobalSection(ExtensibilityGlobals) = postSolution
		SolutionGuid = {D9540554-F4A1-445A-9C16-246A78791E16}
	EndGlobalSection
EndGlobal
