
Microsoft Visual Studio Solution File, Format Version 12.00
# Visual Studio Version 17
VisualStudioVersion = 17.14.36511.14 d17.14
MinimumVisualStudioVersion = 10.0.40219.1
Project("{FAE04EC0-301F-11D3-BF4B-00C04F79EFBC}") = "ConsoleApp10", "ConsoleApp10\ConsoleApp10.csproj", "{76C20A86-59AD-4FC4-89A4-EEB649724CBD}"
EndProject
Global
	GlobalSection(SolutionConfigurationPlatforms) = preSolution
		Debug|Any CPU = Debug|Any CPU
		Release|Any CPU = Release|Any CPU
	EndGlobalSection
	GlobalSection(ProjectConfigurationPlatforms) = postSolution
		{76C20A86-59AD-4FC4-89A4-EEB649724CBD}.Debug|Any CPU.ActiveCfg = Debug|Any CPU
		{76C20A86-59AD-4FC4-89A4-EEB649724CBD}.Debug|Any CPU.Build.0 = Debug|Any CPU
		{76C20A86-59AD-4FC4-89A4-EEB649724CBD}.Release|Any CPU.ActiveCfg = Release|Any CPU
		{76C20A86-59AD-4FC4-89A4-EEB649724CBD}.Release|Any CPU.Build.0 = Release|Any CPU
	EndGlobalSection
	GlobalSection(SolutionProperties) = preSolution
		HideSolutionNode = FALSE
	EndGlobalSection
	GlobalSection(ExtensibilityGlobals) = postSolution
		SolutionGuid = {398C9067-F0C2-4F3D-BBF3-D115FA9EF654}
	EndGlobalSection
EndGlobal
