
Microsoft Visual Studio Solution File, Format Version 12.00
# Visual Studio Version 17
VisualStudioVersion = 17.14.36511.14 d17.14
MinimumVisualStudioVersion = 10.0.40219.1
Project("{FAE04EC0-301F-11D3-BF4B-00C04F79EFBC}") = "ConsoleApp9", "ConsoleApp9\ConsoleApp9.csproj", "{F0A571F9-7E63-48C9-87DE-CB8E1BC650ED}"
EndProject
Global
	GlobalSection(SolutionConfigurationPlatforms) = preSolution
		Debug|Any CPU = Debug|Any CPU
		Release|Any CPU = Release|Any CPU
	EndGlobalSection
	GlobalSection(ProjectConfigurationPlatforms) = postSolution
		{F0A571F9-7E63-48C9-87DE-CB8E1BC650ED}.Debug|Any CPU.ActiveCfg = Debug|Any CPU
		{F0A571F9-7E63-48C9-87DE-CB8E1BC650ED}.Debug|Any CPU.Build.0 = Debug|Any CPU
		{F0A571F9-7E63-48C9-87DE-CB8E1BC650ED}.Release|Any CPU.ActiveCfg = Release|Any CPU
		{F0A571F9-7E63-48C9-87DE-CB8E1BC650ED}.Release|Any CPU.Build.0 = Release|Any CPU
	EndGlobalSection
	GlobalSection(SolutionProperties) = preSolution
		HideSolutionNode = FALSE
	EndGlobalSection
	GlobalSection(ExtensibilityGlobals) = postSolution
		SolutionGuid = {3C8C8B5D-59F9-47A5-8BE3-1C3DD0C349B2}
	EndGlobalSection
EndGlobal
