
Microsoft Visual Studio Solution File, Format Version 12.00
# Visual Studio Version 17
VisualStudioVersion = 17.14.36511.14 d17.14
MinimumVisualStudioVersion = 10.0.40219.1
Project("{FAE04EC0-301F-11D3-BF4B-00C04F79EFBC}") = "ConsoleApp6", "ConsoleApp6\ConsoleApp6.csproj", "{3152031B-AE29-41EC-95E5-5099B0D6AD25}"
EndProject
Global
	GlobalSection(SolutionConfigurationPlatforms) = preSolution
		Debug|Any CPU = Debug|Any CPU
		Release|Any CPU = Release|Any CPU
	EndGlobalSection
	GlobalSection(ProjectConfigurationPlatforms) = postSolution
		{3152031B-AE29-41EC-95E5-5099B0D6AD25}.Debug|Any CPU.ActiveCfg = Debug|Any CPU
		{3152031B-AE29-41EC-95E5-5099B0D6AD25}.Debug|Any CPU.Build.0 = Debug|Any CPU
		{3152031B-AE29-41EC-95E5-5099B0D6AD25}.Release|Any CPU.ActiveCfg = Release|Any CPU
		{3152031B-AE29-41EC-95E5-5099B0D6AD25}.Release|Any CPU.Build.0 = Release|Any CPU
	EndGlobalSection
	GlobalSection(SolutionProperties) = preSolution
		HideSolutionNode = FALSE
	EndGlobalSection
	GlobalSection(ExtensibilityGlobals) = postSolution
		SolutionGuid = {00E2C892-7DBD-40B3-A17C-8DE8EE0AE717}
	EndGlobalSection
EndGlobal
